
Microsoft Visual Studio Solution File, Format Version 12.00
# Visual Studio Version 16
VisualStudioVersion = 16.0.30413.136
MinimumVisualStudioVersion = 10.0.40219.1
Project("{FAE04EC0-301F-11D3-BF4B-00C04F79EFBC}") = "Just.Test.Functions", "Just.Test.Functions\Just.Test.Functions.csproj", "{2C82FCCE-CB78-44E4-BB96-FB78AA8AB78E}"
EndProject
Project("{FAE04EC0-301F-11D3-BF4B-00C04F79EFBC}") = "Just.Test.Functions.Tests", "Just.Test.Functions.Tests\Just.Test.Functions.Tests.csproj", "{D14B1BE7-59ED-4C3F-9BDC-D709399687B5}"
EndProject
Global
	GlobalSection(SolutionConfigurationPlatforms) = preSolution
		Debug|Any CPU = Debug|Any CPU
		Release|Any CPU = Release|Any CPU
	EndGlobalSection
	GlobalSection(ProjectConfigurationPlatforms) = postSolution
		{2C82FCCE-CB78-44E4-BB96-FB78AA8AB78E}.Debug|Any CPU.ActiveCfg = Debug|Any CPU
		{2C82FCCE-CB78-44E4-BB96-FB78AA8AB78E}.Debug|Any CPU.Build.0 = Debug|Any CPU
		{2C82FCCE-CB78-44E4-BB96-FB78AA8AB78E}.Release|Any CPU.ActiveCfg = Release|Any CPU
		{2C82FCCE-CB78-44E4-BB96-FB78AA8AB78E}.Release|Any CPU.Build.0 = Release|Any CPU
		{D14B1BE7-59ED-4C3F-9BDC-D709399687B5}.Debug|Any CPU.ActiveCfg = Debug|Any CPU
		{D14B1BE7-59ED-4C3F-9BDC-D709399687B5}.Debug|Any CPU.Build.0 = Debug|Any CPU
		{D14B1BE7-59ED-4C3F-9BDC-D709399687B5}.Release|Any CPU.ActiveCfg = Release|Any CPU
		{D14B1BE7-59ED-4C3F-9BDC-D709399687B5}.Release|Any CPU.Build.0 = Release|Any CPU
	EndGlobalSection
	GlobalSection(SolutionProperties) = preSolution
		HideSolutionNode = FALSE
	EndGlobalSection
	GlobalSection(ExtensibilityGlobals) = postSolution
		SolutionGuid = {06415A49-6FC2-4B8F-913B-884767CD027D}
	EndGlobalSection
EndGlobal
